
Microsoft Visual Studio Solution File, Format Version 12.00
# Visual Studio Version 16
VisualStudioVersion = 16.0.32510.428
MinimumVisualStudioVersion = 10.0.40219.1
Project("{FAE04EC0-301F-11D3-BF4B-00C04F79EFBC}") = "TestProjectSunriseStore", "TestProjectSunriseStore.csproj", "{C70BA48A-9F77-470C-B97F-12F2EC37C9AB}"
EndProject
Global
	GlobalSection(SolutionConfigurationPlatforms) = preSolution
		Debug|Any CPU = Debug|Any CPU
		Release|Any CPU = Release|Any CPU
	EndGlobalSection
	GlobalSection(ProjectConfigurationPlatforms) = postSolution
		{C70BA48A-9F77-470C-B97F-12F2EC37C9AB}.Debug|Any CPU.ActiveCfg = Debug|Any CPU
		{C70BA48A-9F77-470C-B97F-12F2EC37C9AB}.Debug|Any CPU.Build.0 = Debug|Any CPU
		{C70BA48A-9F77-470C-B97F-12F2EC37C9AB}.Release|Any CPU.ActiveCfg = Release|Any CPU
		{C70BA48A-9F77-470C-B97F-12F2EC37C9AB}.Release|Any CPU.Build.0 = Release|Any CPU
	EndGlobalSection
	GlobalSection(SolutionProperties) = preSolution
		HideSolutionNode = FALSE
	EndGlobalSection
	GlobalSection(ExtensibilityGlobals) = postSolution
		SolutionGuid = {3DDEDC56-BDCA-4FB7-B0BE-E638E1A3C731}
	EndGlobalSection
EndGlobal
